// !$*UTF8*$!
{
	archiveVersion = 1;
	classes = {
	};
	objectVersion = 56;
	objects = {

/* Begin PBXBuildFile section */
		FE06AE932A136D7B00F3861C /* DammyJsonApp.swift in Sources */ = {isa = PBXBuildFile; fileRef = FE06AE922A136D7B00F3861C /* DammyJsonApp.swift */; };
		FE06AE952A136D7B00F3861C /* ContentView.swift in Sources */ = {isa = PBXBuildFile; fileRef = FE06AE942A136D7B00F3861C /* ContentView.swift */; };
		FE06AE972A136D7D00F3861C /* Assets.xcassets in Resources */ = {isa = PBXBuildFile; fileRef = FE06AE962A136D7D00F3861C /* Assets.xcassets */; };
		FE06AE9A2A136D7D00F3861C /* Preview Assets.xcassets in Resources */ = {isa = PBXBuildFile; fileRef = FE06AE992A136D7D00F3861C /* Preview Assets.xcassets */; };
		FE06AEA12A13710700F3861C /* FetchTools.swift in Sources */ = {isa = PBXBuildFile; fileRef = FE06AEA02A13710700F3861C /* FetchTools.swift */; };
		FE06AEA42A13715900F3861C /* Alamofire in Frameworks */ = {isa = PBXBuildFile; productRef = FE06AEA32A13715900F3861C /* Alamofire */; };
		FE06AEA82A1372E900F3861C /* Users.swift in Sources */ = {isa = PBXBuildFile; fileRef = FE06AEA72A1372E900F3861C /* Users.swift */; };
/* End PBXBuildFile section */

/* Begin PBXFileReference section */
		FE06AE8F2A136D7B00F3861C /* DammyJson.app */ = {isa = PBXFileReference; explicitFileType = wrapper.application; includeInIndex = 0; path = DammyJson.app; sourceTree = BUILT_PRODUCTS_DIR; };
		FE06AE922A136D7B00F3861C /* DammyJsonApp.swift */ = {isa = PBXFileReference; lastKnownFileType = sourcecode.swift; path = DammyJsonApp.swift; sourceTree = "<group>"; };
		FE06AE942A136D7B00F3861C /* ContentView.swift */ = {isa = PBXFileReference; lastKnownFileType = sourcecode.swift; path = ContentView.swift; sourceTree = "<group>"; };
		FE06AE962A136D7D00F3861C /* Assets.xcassets */ = {isa = PBXFileReference; lastKnownFileType = folder.assetcatalog; path = Assets.xcassets; sourceTree = "<group>"; };
		FE06AE992A136D7D00F3861C /* Preview Assets.xcassets */ = {isa = PBXFileReference; lastKnownFileType = folder.assetcatalog; path = "Preview Assets.xcassets"; sourceTree = "<group>"; };
		FE06AEA02A13710700F3861C /* FetchTools.swift */ = {isa = PBXFileReference; lastKnownFileType = sourcecode.swift; path = FetchTools.swift; sourceTree = "<group>"; };
		FE06AEA72A1372E900F3861C /* Users.swift */ = {isa = PBXFileReference; lastKnownFileType = sourcecode.swift; path = Users.swift; sourceTree = "<group>"; };
/* End PBXFileReference section */

/* Begin PBXFrameworksBuildPhase section */
		FE06AE8C2A136D7B00F3861C /* Frameworks */ = {
			isa = PBXFrameworksBuildPhase;
			buildActionMask = 2147483647;
			files = (
				FE06AEA42A13715900F3861C /* Alamofire in Frameworks */,
			);
			runOnlyForDeploymentPostprocessing = 0;
		};
/* End PBXFrameworksBuildPhase section */

/* Begin PBXGroup section */
		FE06AE862A136D7B00F3861C = {
			isa = PBXGroup;
			children = (
				FE06AE912A136D7B00F3861C /* DammyJson */,
				FE06AE902A136D7B00F3861C /* Products */,
			);
			sourceTree = "<group>";
		};
		FE06AE902A136D7B00F3861C /* Products */ = {
			isa = PBXGroup;
			children = (
				FE06AE8F2A136D7B00F3861C /* DammyJson.app */,
			);
			name = Products;
			sourceTree = "<group>";
		};
		FE06AE912A136D7B00F3861C /* DammyJson */ = {
			isa = PBXGroup;
			children = (
				FE06AE922A136D7B00F3861C /* DammyJsonApp.swift */,
				FE06AE942A136D7B00F3861C /* ContentView.swift */,
				FE06AE962A136D7D00F3861C /* Assets.xcassets */,
				FE06AE982A136D7D00F3861C /* Preview Content */,
				FE06AEA02A13710700F3861C /* FetchTools.swift */,
				FE06AEA72A1372E900F3861C /* Users.swift */,
			);
			path = DammyJson;
			sourceTree = "<group>";
		};
		FE06AE982A136D7D00F3861C /* Preview Content */ = {
			isa = PBXGroup;
			children = (
				FE06AE992A136D7D00F3861C /* Preview Assets.xcassets */,
			);
			path = "Preview Content";
			sourceTree = "<group>";
		};
/* End PBXGroup section */

/* Begin PBXNativeTarget section */
		FE06AE8E2A136D7B00F3861C /* DammyJson */ = {
			isa = PBXNativeTarget;
			buildConfigurationList = FE06AE9D2A136D7D00F3861C /* Build configuration list for PBXNativeTarget "DammyJson" */;
			buildPhases = (
				FE06AE8B2A136D7B00F3861C /* Sources */,
				FE06AE8C2A136D7B00F3861C /* Frameworks */,
				FE06AE8D2A136D7B00F3861C /* Resources */,
			);
			buildRules = (
			);
			dependencies = (
			);
			name = DammyJson;
			packageProductDependencies = (
				FE06AEA32A13715900F3861C /* Alamofire */,
			);
			productName = DammyJson;
			productReference = FE06AE8F2A136D7B00F3861C /* DammyJson.app */;
			productType = "com.apple.product-type.application";
		};
/* End PBXNativeTarget section */

/* Begin PBXProject section */
		FE06AE872A136D7B00F3861C /* Project object */ = {
			isa = PBXProject;
			attributes = {
				BuildIndependentTargetsInParallel = 1;
				LastSwiftUpdateCheck = 1430;
				LastUpgradeCheck = 1430;
				TargetAttributes = {
					FE06AE8E2A136D7B00F3861C = {
						CreatedOnToolsVersion = 14.3;
					};
				};
			};
			buildConfigurationList = FE06AE8A2A136D7B00F3861C /* Build configuration list for PBXProject "DammyJson" */;
			compatibilityVersion = "Xcode 14.0";
			developmentRegion = en;
			hasScannedForEncodings = 0;
			knownRegions = (
				en,
				Base,
			);
			mainGroup = FE06AE862A136D7B00F3861C;
			packageReferences = (
				FE06AEA22A13715900F3861C /* XCRemoteSwiftPackageReference "Alamofire" */,
			);
			productRefGroup = FE06AE902A136D7B00F3861C /* Products */;
			projectDirPath = "";
			projectRoot = "";
			targets = (
				FE06AE8E2A136D7B00F3861C /* DammyJson */,
			);
		};
/* End PBXProject section */

/* Begin PBXResourcesBuildPhase section */
		FE06AE8D2A136D7B00F3861C /* Resources */ = {
			isa = PBXResourcesBuildPhase;
			buildActionMask = 2147483647;
			files = (
				FE06AE9A2A136D7D00F3861C /* Preview Assets.xcassets in Resources */,
				FE06AE972A136D7D00F3861C /* Assets.xcassets in Resources */,
			);
			runOnlyForDeploymentPostprocessing = 0;
		};
/* End PBXResourcesBuildPhase section */

/* Begin PBXSourcesBuildPhase section */
		FE06AE8B2A136D7B00F3861C /* Sources */ = {
			isa = PBXSourcesBuildPhase;
			buildActionMask = 2147483647;
			files = (
				FE06AEA82A1372E900F3861C /* Users.swift in Sources */,
				FE06AE952A136D7B00F3861C /* ContentView.swift in Sources */,
				FE06AEA12A13710700F3861C /* FetchTools.swift in Sources */,
				FE06AE932A136D7B00F3861C /* DammyJsonApp.swift in Sources */,
			);
			runOnlyForDeploymentPostprocessing = 0;
		};
/* End PBXSourcesBuildPhase section */

/* Begin XCBuildConfiguration section */
		FE06AE9B2A136D7D00F3861C /* Debug */ = {
			isa = XCBuildConfiguration;
			buildSettings = {
				ALWAYS_SEARCH_USER_PATHS = NO;
				CLANG_ANALYZER_NONNULL = YES;
				CLANG_ANALYZER_NUMBER_OBJECT_CONVERSION = YES_AGGRESSIVE;
				CLANG_CXX_LANGUAGE_STANDARD = "gnu++20";
				CLANG_ENABLE_MODULES = YES;
				CLANG_ENABLE_OBJC_ARC = YES;
				CLANG_ENABLE_OBJC_WEAK = YES;
				CLANG_WARN_BLOCK_CAPTURE_AUTORELEASING = YES;
				CLANG_WARN_BOOL_CONVERSION = YES;
				CLANG_WARN_COMMA = YES;
				CLANG_WARN_CONSTANT_CONVERSION = YES;
				CLANG_WARN_DEPRECATED_OBJC_IMPLEMENTATIONS = YES;
				CLANG_WARN_DIRECT_OBJC_ISA_USAGE = YES_ERROR;
				CLANG_WARN_DOCUMENTATION_COMMENTS = YES;
				CLANG_WARN_EMPTY_BODY = YES;
				CLANG_WARN_ENUM_CONVERSION = YES;
				CLANG_WARN_INFINITE_RECURSION = YES;
				CLANG_WARN_INT_CONVERSION = YES;
				CLANG_WARN_NON_LITERAL_NULL_CONVERSION = YES;
				CLANG_WARN_OBJC_IMPLICIT_RETAIN_SELF = YES;
				CLANG_WARN_OBJC_LITERAL_CONVERSION = YES;
				CLANG_WARN_OBJC_ROOT_CLASS = YES_ERROR;
				CLANG_WARN_QUOTED_INCLUDE_IN_FRAMEWORK_HEADER = YES;
				CLANG_WARN_RANGE_LOOP_ANALYSIS = YES;
				CLANG_WARN_STRICT_PROTOTYPES = YES;
				CLANG_WARN_SUSPICIOUS_MOVE = YES;
				CLANG_WARN_UNGUARDED_AVAILABILITY = YES_AGGRESSIVE;
				CLANG_WARN_UNREACHABLE_CODE = YES;
				CLANG_WARN__DUPLICATE_METHOD_MATCH = YES;
				COPY_PHASE_STRIP = NO;
				DEBUG_INFORMATION_FORMAT = dwarf;
				ENABLE_STRICT_OBJC_MSGSEND = YES;
				ENABLE_TESTABILITY = YES;
				GCC_C_LANGUAGE_STANDARD = gnu11;
				GCC_DYNAMIC_NO_PIC = NO;
				GCC_NO_COMMON_BLOCKS = YES;
				GCC_OPTIMIZATION_LEVEL = 0;
				GCC_PREPROCESSOR_DEFINITIONS = (
					"DEBUG=1",
					"$(inherited)",
				);
				GCC_WARN_64_TO_32_BIT_CONVERSION = YES;
				GCC_WARN_ABOUT_RETURN_TYPE = YES_ERROR;
				GCC_WARN_UNDECLARED_SELECTOR = YES;
				GCC_WARN_UNINITIALIZED_AUTOS = YES_AGGRESSIVE;
				GCC_WARN_UNUSED_FUNCTION = YES;
				GCC_WARN_UNUSED_VARIABLE = YES;
				IPHONEOS_DEPLOYMENT_TARGET = 16.4;
				MTL_ENABLE_DEBUG_INFO = INCLUDE_SOURCE;
				MTL_FAST_MATH = YES;
				ONLY_ACTIVE_ARCH = YES;
				SDKROOT = iphoneos;
				SWIFT_ACTIVE_COMPILATION_CONDITIONS = DEBUG;
				SWIFT_OPTIMIZATION_LEVEL = "-Onone";
			};
			name = Debug;
		};
		FE06AE9C2A136D7D00F3861C /* Release */ = {
			isa = XCBuildConfiguration;
			buildSettings = {
				ALWAYS_SEARCH_USER_PATHS = NO;
				CLANG_ANALYZER_NONNULL = YES;
				CLANG_ANALYZER_NUMBER_OBJECT_CONVERSION = YES_AGGRESSIVE;
				CLANG_CXX_LANGUAGE_STANDARD = "gnu++20";
				CLANG_ENABLE_MODULES = YES;
				CLANG_ENABLE_OBJC_ARC = YES;
				CLANG_ENABLE_OBJC_WEAK = YES;
				CLANG_WARN_BLOCK_CAPTURE_AUTORELEASING = YES;
				CLANG_WARN_BOOL_CONVERSION = YES;
				CLANG_WARN_COMMA = YES;
				CLANG_WARN_CONSTANT_CONVERSION = YES;
				CLANG_WARN_DEPRECATED_OBJC_IMPLEMENTATIONS = YES;
				CLANG_WARN_DIRECT_OBJC_ISA_USAGE = YES_ERROR;
				CLANG_WARN_DOCUMENTATION_COMMENTS = YES;
				CLANG_WARN_EMPTY_BODY = YES;
				CLANG_WARN_ENUM_CONVERSION = YES;
				CLANG_WARN_INFINITE_RECURSION = YES;
				CLANG_WARN_INT_CONVERSION = YES;
				CLANG_WARN_NON_LITERAL_NULL_CONVERSION = YES;
				CLANG_WARN_OBJC_IMPLICIT_RETAIN_SELF = YES;
				CLANG_WARN_OBJC_LITERAL_CONVERSION = YES;
				CLANG_WARN_OBJC_ROOT_CLASS = YES_ERROR;
				CLANG_WARN_QUOTED_INCLUDE_IN_FRAMEWORK_HEADER = YES;
				CLANG_WARN_RANGE_LOOP_ANALYSIS = YES;
				CLANG_WARN_STRICT_PROTOTYPES = YES;
				CLANG_WARN_SUSPICIOUS_MOVE = YES;
				CLANG_WARN_UNGUARDED_AVAILABILITY = YES_AGGRESSIVE;
				CLANG_WARN_UNREACHABLE_CODE = YES;
				CLANG_WARN__DUPLICATE_METHOD_MATCH = YES;
				COPY_PHASE_STRIP = NO;
				DEBUG_INFORMATION_FORMAT = "dwarf-with-dsym";
				ENABLE_NS_ASSERTIONS = NO;
				ENABLE_STRICT_OBJC_MSGSEND = YES;
				GCC_C_LANGUAGE_STANDARD = gnu11;
				GCC_NO_COMMON_BLOCKS = YES;
				GCC_WARN_64_TO_32_BIT_CONVERSION = YES;
				GCC_WARN_ABOUT_RETURN_TYPE = YES_ERROR;
				GCC_WARN_UNDECLARED_SELECTOR = YES;
				GCC_WARN_UNINITIALIZED_AUTOS = YES_AGGRESSIVE;
				GCC_WARN_UNUSED_FUNCTION = YES;
				GCC_WARN_UNUSED_VARIABLE = YES;
				IPHONEOS_DEPLOYMENT_TARGET = 16.4;
				MTL_ENABLE_DEBUG_INFO = NO;
				MTL_FAST_MATH = YES;
				SDKROOT = iphoneos;
				SWIFT_COMPILATION_MODE = wholemodule;
				SWIFT_OPTIMIZATION_LEVEL = "-O";
				VALIDATE_PRODUCT = YES;
			};
			name = Release;
		};
		FE06AE9E2A136D7D00F3861C /* Debug */ = {
			isa = XCBuildConfiguration;
			buildSettings = {
				ASSETCATALOG_COMPILER_APPICON_NAME = AppIcon;
				ASSETCATALOG_COMPILER_GLOBAL_ACCENT_COLOR_NAME = AccentColor;
				CODE_SIGN_STYLE = Automatic;
				CURRENT_PROJECT_VERSION = 1;
				DEVELOPMENT_ASSET_PATHS = "\"DammyJson/Preview Content\"";
				DEVELOPMENT_TEAM = 6U9U5HATHY;
				ENABLE_PREVIEWS = YES;
				GENERATE_INFOPLIST_FILE = YES;
				INFOPLIST_KEY_UIApplicationSceneManifest_Generation = YES;
				INFOPLIST_KEY_UIApplicationSupportsIndirectInputEvents = YES;
				INFOPLIST_KEY_UILaunchScreen_Generation = YES;
				INFOPLIST_KEY_UISupportedInterfaceOrientations_iPad = "UIInterfaceOrientationPortrait UIInterfaceOrientationPortraitUpsideDown UIInterfaceOrientationLandscapeLeft UIInterfaceOrientationLandscapeRight";
				INFOPLIST_KEY_UISupportedInterfaceOrientations_iPhone = "UIInterfaceOrientationPortrait UIInterfaceOrientationLandscapeLeft UIInterfaceOrientationLandscapeRight";
				LD_RUNPATH_SEARCH_PATHS = (
					"$(inherited)",
					"@executable_path/Frameworks",
				);
				MARKETING_VERSION = 1.0;
				PRODUCT_BUNDLE_IDENTIFIER = fi.tuni.tamk.DammyJson;
				PRODUCT_NAME = "$(TARGET_NAME)";
				SWIFT_EMIT_LOC_STRINGS = YES;
				SWIFT_VERSION = 5.0;
				TARGETED_DEVICE_FAMILY = "1,2";
			};
			name = Debug;
		};
		FE06AE9F2A136D7D00F3861C /* Release */ = {
			isa = XCBuildConfiguration;
			buildSettings = {
				ASSETCATALOG_COMPILER_APPICON_NAME = AppIcon;
				ASSETCATALOG_COMPILER_GLOBAL_ACCENT_COLOR_NAME = AccentColor;
				CODE_SIGN_STYLE = Automatic;
				CURRENT_PROJECT_VERSION = 1;
				DEVELOPMENT_ASSET_PATHS = "\"DammyJson/Preview Content\"";
				DEVELOPMENT_TEAM = 6U9U5HATHY;
				ENABLE_PREVIEWS = YES;
				GENERATE_INFOPLIST_FILE = YES;
				INFOPLIST_KEY_UIApplicationSceneManifest_Generation = YES;
				INFOPLIST_KEY_UIApplicationSupportsIndirectInputEvents = YES;
				INFOPLIST_KEY_UILaunchScreen_Generation = YES;
				INFOPLIST_KEY_UISupportedInterfaceOrientations_iPad = "UIInterfaceOrientationPortrait UIInterfaceOrientationPortraitUpsideDown UIInterfaceOrientationLandscapeLeft UIInterfaceOrientationLandscapeRight";
				INFOPLIST_KEY_UISupportedInterfaceOrientations_iPhone = "UIInterfaceOrientationPortrait UIInterfaceOrientationLandscapeLeft UIInterfaceOrientationLandscapeRight";
				LD_RUNPATH_SEARCH_PATHS = (
					"$(inherited)",
					"@executable_path/Frameworks",
				);
				MARKETING_VERSION = 1.0;
				PRODUCT_BUNDLE_IDENTIFIER = fi.tuni.tamk.DammyJson;
				PRODUCT_NAME = "$(TARGET_NAME)";
				SWIFT_EMIT_LOC_STRINGS = YES;
				SWIFT_VERSION = 5.0;
				TARGETED_DEVICE_FAMILY = "1,2";
			};
			name = Release;
		};
/* End XCBuildConfiguration section */

/* Begin XCConfigurationList section */
		FE06AE8A2A136D7B00F3861C /* Build configuration list for PBXProject "DammyJson" */ = {
			isa = XCConfigurationList;
			buildConfigurations = (
				FE06AE9B2A136D7D00F3861C /* Debug */,
				FE06AE9C2A136D7D00F3861C /* Release */,
			);
			defaultConfigurationIsVisible = 0;
			defaultConfigurationName = Release;
		};
		FE06AE9D2A136D7D00F3861C /* Build configuration list for PBXNativeTarget "DammyJson" */ = {
			isa = XCConfigurationList;
			buildConfigurations = (
				FE06AE9E2A136D7D00F3861C /* Debug */,
				FE06AE9F2A136D7D00F3861C /* Release */,
			);
			defaultConfigurationIsVisible = 0;
			defaultConfigurationName = Release;
		};
/* End XCConfigurationList section */

/* Begin XCRemoteSwiftPackageReference section */
		FE06AEA22A13715900F3861C /* XCRemoteSwiftPackageReference "Alamofire" */ = {
			isa = XCRemoteSwiftPackageReference;
			repositoryURL = "https://github.com/Alamofire/Alamofire";
			requirement = {
				kind = upToNextMajorVersion;
				minimumVersion = 5.0.0;
			};
		};
/* End XCRemoteSwiftPackageReference section */

/* Begin XCSwiftPackageProductDependency section */
		FE06AEA32A13715900F3861C /* Alamofire */ = {
			isa = XCSwiftPackageProductDependency;
			package = FE06AEA22A13715900F3861C /* XCRemoteSwiftPackageReference "Alamofire" */;
			productName = Alamofire;
		};
/* End XCSwiftPackageProductDependency section */
	};
	rootObject = FE06AE872A136D7B00F3861C /* Project object */;
}
